
Microsoft Visual Studio Solution File, Format Version 12.00
# Visual Studio 15
VisualStudioVersion = 15.0.27428.2002
MinimumVisualStudioVersion = 10.0.40219.1
Project("{FAE04EC0-301F-11D3-BF4B-00C04F79EFBC}") = "db_testing", "db_testing.csproj", "{B0AE35FC-91C2-49F3-90CC-27AA54E8DD08}"
EndProject
Project("{FAE04EC0-301F-11D3-BF4B-00C04F79EFBC}") = "TestingORM", "..\TestingORM\TestingORM.csproj", "{F8342C31-9D96-433D-A0EB-F31F4A77CE5B}"
EndProject
Global
	GlobalSection(SolutionConfigurationPlatforms) = preSolution
		Debug|Any CPU = Debug|Any CPU
		Release|Any CPU = Release|Any CPU
	EndGlobalSection
	GlobalSection(ProjectConfigurationPlatforms) = postSolution
		{B0AE35FC-91C2-49F3-90CC-27AA54E8DD08}.Debug|Any CPU.ActiveCfg = Debug|Any CPU
		{B0AE35FC-91C2-49F3-90CC-27AA54E8DD08}.Debug|Any CPU.Build.0 = Debug|Any CPU
		{B0AE35FC-91C2-49F3-90CC-27AA54E8DD08}.Release|Any CPU.ActiveCfg = Release|Any CPU
		{B0AE35FC-91C2-49F3-90CC-27AA54E8DD08}.Release|Any CPU.Build.0 = Release|Any CPU
		{F8342C31-9D96-433D-A0EB-F31F4A77CE5B}.Debug|Any CPU.ActiveCfg = Debug|Any CPU
		{F8342C31-9D96-433D-A0EB-F31F4A77CE5B}.Debug|Any CPU.Build.0 = Debug|Any CPU
		{F8342C31-9D96-433D-A0EB-F31F4A77CE5B}.Release|Any CPU.ActiveCfg = Release|Any CPU
		{F8342C31-9D96-433D-A0EB-F31F4A77CE5B}.Release|Any CPU.Build.0 = Release|Any CPU
	EndGlobalSection
	GlobalSection(SolutionProperties) = preSolution
		HideSolutionNode = FALSE
	EndGlobalSection
	GlobalSection(ExtensibilityGlobals) = postSolution
		SolutionGuid = {E1F639A7-E53F-4E1C-8857-F31B203E5023}
	EndGlobalSection
EndGlobal
